{
  "name": "Rent-it",
  "lockfileVersion": 2,
  "requires": true,
  "packages": {
    "": {
      "dependencies": {
        "blueimp-file-upload": "^10.31.0",
        "blueimp-gallery": "^3.3.0",
        "blueimp-tmpl": "^3.19.0",
        "bootstrap": "^3.4.1",
        "clipboard": "^2.0.8",
        "cropper": "^4.1.0",
        "font-awesome": "^4.7.0",
        "jquery": "^3.6.0",
        "jquery-form": "^4.3.0",
        "jquery-ui-dist": "^1.12.1"
      }
    },
    "node_modules/blueimp-canvas-to-blob": {
      "version": "3.29.0",
      "resolved": "https://registry.npmjs.org/blueimp-canvas-to-blob/-/blueimp-canvas-to-blob-3.29.0.tgz",
      "integrity": "sha512-0pcSSGxC0QxT+yVkivxIqW0Y4VlO2XSDPofBAqoJ1qJxgH9eiUDLv50Rixij2cDuEfx4M6DpD9UGZpRhT5Q8qg==",
      "optional": true
    },
    "node_modules/blueimp-file-upload": {
      "version": "10.32.0",
      "resolved": "https://registry.npmjs.org/blueimp-file-upload/-/blueimp-file-upload-10.32.0.tgz",
      "integrity": "sha512-3WMJw5Cbfz94Adl1OeyH+rRpGwHiNHzja+CR6aRWPoAtwrUwvP5gXKo0XdX+sdPE+iCU63Xmba88hoHQmzY8RQ==",
      "optionalDependencies": {
        "blueimp-canvas-to-blob": "3",
        "blueimp-load-image": "5",
        "blueimp-tmpl": "3"
      },
      "peerDependencies": {
        "jquery": ">=1.7"
      }
    },
    "node_modules/blueimp-gallery": {
      "version": "3.4.0",
      "resolved": "https://registry.npmjs.org/blueimp-gallery/-/blueimp-gallery-3.4.0.tgz",
      "integrity": "sha512-t4zQ8XSlE3IuJK72gd6hnexHMUpndUZYRKcAYv+24TpYGom5YtP5yizWdH2cGwyb0MOTKojkwSWVweTo1rbDEw=="
    },
    "node_modules/blueimp-load-image": {
      "version": "5.16.0",
      "resolved": "https://registry.npmjs.org/blueimp-load-image/-/blueimp-load-image-5.16.0.tgz",
      "integrity": "sha512-3DUSVdOtlfNRk7moRZuTwDmA3NnG8KIJuLcq3c0J7/BIr6X3Vb/EpX3kUH1joxUhmoVF4uCpDfz7wHkz8pQajA==",
      "optional": true
    },
    "node_modules/blueimp-tmpl": {
      "version": "3.20.0",
      "resolved": "https://registry.npmjs.org/blueimp-tmpl/-/blueimp-tmpl-3.20.0.tgz",
      "integrity": "sha512-g6ln9L+VX8ZA4WA8mgKMethYH+5teroJ2uOkCvcthy9Y9d9LrQ42OAMn+r3ECKu9CB+xe9GOChlIUJBSxwkI6g==",
      "bin": {
        "tmpl.js": "js/compile.js"
      }
    },
    "node_modules/bootstrap": {
      "version": "3.4.1",
      "resolved": "https://registry.npmjs.org/bootstrap/-/bootstrap-3.4.1.tgz",
      "integrity": "sha512-yN5oZVmRCwe5aKwzRj6736nSmKDX7pLYwsXiCj/EYmo16hODaBiT4En5btW/jhBF/seV+XMx3aYwukYC3A49DA==",
      "engines": {
        "node": ">=6"
      }
    },
    "node_modules/clipboard": {
      "version": "2.0.8",
      "resolved": "https://registry.npmjs.org/clipboard/-/clipboard-2.0.8.tgz",
      "integrity": "sha512-Y6WO0unAIQp5bLmk1zdThRhgJt/x3ks6f30s3oE3H1mgIEU33XyQjEf8gsf6DxC7NPX8Y1SsNWjUjL/ywLnnbQ==",
      "dependencies": {
        "good-listener": "^1.2.2",
        "select": "^1.1.2",
        "tiny-emitter": "^2.0.0"
      }
    },
    "node_modules/cropper": {
      "version": "4.1.0",
      "resolved": "https://registry.npmjs.org/cropper/-/cropper-4.1.0.tgz",
      "integrity": "sha512-dNbkWNT606oMgRQ2aYMerDnPpSVLBMTWyERDHsDwih1ahJiVpyfSM9ev/n6G4ElfRG8t0shUZ5FXLg7YtmDdBQ==",
      "dependencies": {
        "cropperjs": "^1.5.6"
      },
      "peerDependencies": {
        "jquery": ">=1.9.1"
      }
    },
    "node_modules/cropperjs": {
      "version": "1.5.12",
      "resolved": "https://registry.npmjs.org/cropperjs/-/cropperjs-1.5.12.tgz",
      "integrity": "sha512-re7UdjE5UnwdrovyhNzZ6gathI4Rs3KGCBSc8HCIjUo5hO42CtzyblmWLj6QWVw7huHyDMfpKxhiO2II77nhDw=="
    },
    "node_modules/delegate": {
      "version": "3.2.0",
      "resolved": "https://registry.npmjs.org/delegate/-/delegate-3.2.0.tgz",
      "integrity": "sha512-IofjkYBZaZivn0V8nnsMJGBr4jVLxHDheKSW88PyxS5QC4Vo9ZbZVvhzlSxY87fVq3STR6r+4cGepyHkcWOQSw=="
    },
    "node_modules/font-awesome": {
      "version": "4.7.0",
      "resolved": "https://registry.npmjs.org/font-awesome/-/font-awesome-4.7.0.tgz",
      "integrity": "sha1-j6jPBBGhoxr9B7BtKQK7n8gVoTM=",
      "engines": {
        "node": ">=0.10.3"
      }
    },
    "node_modules/good-listener": {
      "version": "1.2.2",
      "resolved": "https://registry.npmjs.org/good-listener/-/good-listener-1.2.2.tgz",
      "integrity": "sha1-1TswzfkxPf+33JoNR3CWqm0UXFA=",
      "dependencies": {
        "delegate": "^3.1.2"
      }
    },
    "node_modules/jquery": {
      "version": "3.6.0",
      "resolved": "https://registry.npmjs.org/jquery/-/jquery-3.6.0.tgz",
      "integrity": "sha512-JVzAR/AjBvVt2BmYhxRCSYysDsPcssdmTFnzyLEts9qNwmjmu4JTAMYubEfwVOSwpQ1I1sKKFcxhZCI2buerfw=="
    },
    "node_modules/jquery-form": {
      "version": "4.3.0",
      "resolved": "https://registry.npmjs.org/jquery-form/-/jquery-form-4.3.0.tgz",
      "integrity": "sha512-q3uaVCEWdLOYUCI6dpNdwf/7cJFOsUgdpq6r0taxtGQ5NJSkOzofyWm4jpOuJ5YxdmL1FI5QR+q+HB63HHLGnQ==",
      "dependencies": {
        "jquery": ">=1.7.2"
      }
    },
    "node_modules/jquery-ui-dist": {
      "version": "1.13.0",
      "resolved": "https://registry.npmjs.org/jquery-ui-dist/-/jquery-ui-dist-1.13.0.tgz",
      "integrity": "sha512-fgpGOW098swRvTLglH3RLyAjW/8Ecxd35fO7Z1WtBidhZgnPDvTJzZ+XFybAFzv3zZiEESI8TkK6oYXbzu/rKw==",
      "dependencies": {
        "jquery": ">=1.8.0 <4.0.0"
      }
    },
    "node_modules/select": {
      "version": "1.1.2",
      "resolved": "https://registry.npmjs.org/select/-/select-1.1.2.tgz",
      "integrity": "sha1-DnNQrN7ICxEIUoeG7B1EGNEbOW0="
    },
    "node_modules/tiny-emitter": {
      "version": "2.1.0",
      "resolved": "https://registry.npmjs.org/tiny-emitter/-/tiny-emitter-2.1.0.tgz",
      "integrity": "sha512-NB6Dk1A9xgQPMoGqC5CVXn123gWyte215ONT5Pp5a0yt4nlEoO1ZWeCwpncaekPHXO60i47ihFnZPiRPjRMq4Q=="
    }
  },
  "dependencies": {
    "blueimp-canvas-to-blob": {
      "version": "3.29.0",
      "resolved": "https://registry.npmjs.org/blueimp-canvas-to-blob/-/blueimp-canvas-to-blob-3.29.0.tgz",
      "integrity": "sha512-0pcSSGxC0QxT+yVkivxIqW0Y4VlO2XSDPofBAqoJ1qJxgH9eiUDLv50Rixij2cDuEfx4M6DpD9UGZpRhT5Q8qg==",
      "optional": true
    },
    "blueimp-file-upload": {
      "version": "10.32.0",
      "resolved": "https://registry.npmjs.org/blueimp-file-upload/-/blueimp-file-upload-10.32.0.tgz",
      "integrity": "sha512-3WMJw5Cbfz94Adl1OeyH+rRpGwHiNHzja+CR6aRWPoAtwrUwvP5gXKo0XdX+sdPE+iCU63Xmba88hoHQmzY8RQ==",
      "requires": {
        "blueimp-canvas-to-blob": "3",
        "blueimp-load-image": "5",
        "blueimp-tmpl": "3"
      }
    },
    "blueimp-gallery": {
      "version": "3.4.0",
      "resolved": "https://registry.npmjs.org/blueimp-gallery/-/blueimp-gallery-3.4.0.tgz",
      "integrity": "sha512-t4zQ8XSlE3IuJK72gd6hnexHMUpndUZYRKcAYv+24TpYGom5YtP5yizWdH2cGwyb0MOTKojkwSWVweTo1rbDEw=="
    },
    "blueimp-load-image": {
      "version": "5.16.0",
      "resolved": "https://registry.npmjs.org/blueimp-load-image/-/blueimp-load-image-5.16.0.tgz",
      "integrity": "sha512-3DUSVdOtlfNRk7moRZuTwDmA3NnG8KIJuLcq3c0J7/BIr6X3Vb/EpX3kUH1joxUhmoVF4uCpDfz7wHkz8pQajA==",
      "optional": true
    },
    "blueimp-tmpl": {
      "version": "3.20.0",
      "resolved": "https://registry.npmjs.org/blueimp-tmpl/-/blueimp-tmpl-3.20.0.tgz",
      "integrity": "sha512-g6ln9L+VX8ZA4WA8mgKMethYH+5teroJ2uOkCvcthy9Y9d9LrQ42OAMn+r3ECKu9CB+xe9GOChlIUJBSxwkI6g=="
    },
    "bootstrap": {
      "version": "3.4.1",
      "resolved": "https://registry.npmjs.org/bootstrap/-/bootstrap-3.4.1.tgz",
      "integrity": "sha512-yN5oZVmRCwe5aKwzRj6736nSmKDX7pLYwsXiCj/EYmo16hODaBiT4En5btW/jhBF/seV+XMx3aYwukYC3A49DA=="
    },
    "clipboard": {
      "version": "2.0.8",
      "resolved": "https://registry.npmjs.org/clipboard/-/clipboard-2.0.8.tgz",
      "integrity": "sha512-Y6WO0unAIQp5bLmk1zdThRhgJt/x3ks6f30s3oE3H1mgIEU33XyQjEf8gsf6DxC7NPX8Y1SsNWjUjL/ywLnnbQ==",
      "requires": {
        "good-listener": "^1.2.2",
        "select": "^1.1.2",
        "tiny-emitter": "^2.0.0"
      }
    },
    "cropper": {
      "version": "4.1.0",
      "resolved": "https://registry.npmjs.org/cropper/-/cropper-4.1.0.tgz",
      "integrity": "sha512-dNbkWNT606oMgRQ2aYMerDnPpSVLBMTWyERDHsDwih1ahJiVpyfSM9ev/n6G4ElfRG8t0shUZ5FXLg7YtmDdBQ==",
      "requires": {
        "cropperjs": "^1.5.6"
      }
    },
    "cropperjs": {
      "version": "1.5.12",
      "resolved": "https://registry.npmjs.org/cropperjs/-/cropperjs-1.5.12.tgz",
      "integrity": "sha512-re7UdjE5UnwdrovyhNzZ6gathI4Rs3KGCBSc8HCIjUo5hO42CtzyblmWLj6QWVw7huHyDMfpKxhiO2II77nhDw=="
    },
    "delegate": {
      "version": "3.2.0",
      "resolved": "https://registry.npmjs.org/delegate/-/delegate-3.2.0.tgz",
      "integrity": "sha512-IofjkYBZaZivn0V8nnsMJGBr4jVLxHDheKSW88PyxS5QC4Vo9ZbZVvhzlSxY87fVq3STR6r+4cGepyHkcWOQSw=="
    },
    "font-awesome": {
      "version": "4.7.0",
      "resolved": "https://registry.npmjs.org/font-awesome/-/font-awesome-4.7.0.tgz",
      "integrity": "sha1-j6jPBBGhoxr9B7BtKQK7n8gVoTM="
    },
    "good-listener": {
      "version": "1.2.2",
      "resolved": "https://registry.npmjs.org/good-listener/-/good-listener-1.2.2.tgz",
      "integrity": "sha1-1TswzfkxPf+33JoNR3CWqm0UXFA=",
      "requires": {
        "delegate": "^3.1.2"
      }
    },
    "jquery": {
      "version": "3.6.0",
      "resolved": "https://registry.npmjs.org/jquery/-/jquery-3.6.0.tgz",
      "integrity": "sha512-JVzAR/AjBvVt2BmYhxRCSYysDsPcssdmTFnzyLEts9qNwmjmu4JTAMYubEfwVOSwpQ1I1sKKFcxhZCI2buerfw=="
    },
    "jquery-form": {
      "version": "4.3.0",
      "resolved": "https://registry.npmjs.org/jquery-form/-/jquery-form-4.3.0.tgz",
      "integrity": "sha512-q3uaVCEWdLOYUCI6dpNdwf/7cJFOsUgdpq6r0taxtGQ5NJSkOzofyWm4jpOuJ5YxdmL1FI5QR+q+HB63HHLGnQ==",
      "requires": {
        "jquery": ">=1.7.2"
      }
    },
    "jquery-ui-dist": {
      "version": "1.13.0",
      "resolved": "https://registry.npmjs.org/jquery-ui-dist/-/jquery-ui-dist-1.13.0.tgz",
      "integrity": "sha512-fgpGOW098swRvTLglH3RLyAjW/8Ecxd35fO7Z1WtBidhZgnPDvTJzZ+XFybAFzv3zZiEESI8TkK6oYXbzu/rKw==",
      "requires": {
        "jquery": ">=1.8.0 <4.0.0"
      }
    },
    "select": {
      "version": "1.1.2",
      "resolved": "https://registry.npmjs.org/select/-/select-1.1.2.tgz",
      "integrity": "sha1-DnNQrN7ICxEIUoeG7B1EGNEbOW0="
    },
    "tiny-emitter": {
      "version": "2.1.0",
      "resolved": "https://registry.npmjs.org/tiny-emitter/-/tiny-emitter-2.1.0.tgz",
      "integrity": "sha512-NB6Dk1A9xgQPMoGqC5CVXn123gWyte215ONT5Pp5a0yt4nlEoO1ZWeCwpncaekPHXO60i47ihFnZPiRPjRMq4Q=="
    }
  }
}
